// !$*UTF8*$!
{
	archiveVersion = 1;
	classes = {
	};
	objectVersion = 46;
	objects = {

/* Begin PBXBuildFile section */
		33191ED818CA6F3900AF304A /* background.jpg in Resources */ = {isa = PBXBuildFile; fileRef = 33191ED718CA6F3900AF304A /* background.jpg */; };
		33191EDA18CD335200AF304A /* Graybtn.png in Resources */ = {isa = PBXBuildFile; fileRef = 33191ED918CD335200AF304A /* Graybtn.png */; };
		33191EDC18CD65A700AF304A /* calender.jpg in Resources */ = {isa = PBXBuildFile; fileRef = 33191EDB18CD65A700AF304A /* calender.jpg */; };
		33191EDF18CD65E400AF304A /* ECcalenderViewController.m in Sources */ = {isa = PBXBuildFile; fileRef = 33191EDE18CD65E400AF304A /* ECcalenderViewController.m */; };
		33C6127918D108E60027A4A0 /* backButton.png in Resources */ = {isa = PBXBuildFile; fileRef = 33C6127518D108E60027A4A0 /* backButton.png */; };
		33C6127A18D108E60027A4A0 /* backButton@2x.png in Resources */ = {isa = PBXBuildFile; fileRef = 33C6127618D108E60027A4A0 /* backButton@2x.png */; };
		33C6127B18D108E60027A4A0 /* forwardButton.png in Resources */ = {isa = PBXBuildFile; fileRef = 33C6127718D108E60027A4A0 /* forwardButton.png */; };
		33C6127C18D108E60027A4A0 /* forwardButton@2x.png in Resources */ = {isa = PBXBuildFile; fileRef = 33C6127818D108E60027A4A0 /* forwardButton@2x.png */; };
		64E37C971910375E007DCC0F /* MADayView.m in Sources */ = {isa = PBXBuildFile; fileRef = 64E37C8E1910375E007DCC0F /* MADayView.m */; };
		64E37C981910375E007DCC0F /* MAEvent.m in Sources */ = {isa = PBXBuildFile; fileRef = 64E37C901910375E007DCC0F /* MAEvent.m */; };
		64E37C991910375E007DCC0F /* MAGridView.m in Sources */ = {isa = PBXBuildFile; fileRef = 64E37C921910375E007DCC0F /* MAGridView.m */; };
		64E37C9A1910375E007DCC0F /* MAWeekView.m in Sources */ = {isa = PBXBuildFile; fileRef = 64E37C941910375E007DCC0F /* MAWeekView.m */; };
		64E37C9B1910375E007DCC0F /* TapDetectingView.m in Sources */ = {isa = PBXBuildFile; fileRef = 64E37C961910375E007DCC0F /* TapDetectingView.m */; };
		64E37C9E1910377E007DCC0F /* MAWeekViewController.m in Sources */ = {isa = PBXBuildFile; fileRef = 64E37C9D1910377E007DCC0F /* MAWeekViewController.m */; };
		64E37CA4191037B4007DCC0F /* ma_leftArrow.png in Resources */ = {isa = PBXBuildFile; fileRef = 64E37C9F191037B4007DCC0F /* ma_leftArrow.png */; };
		64E37CA5191037B4007DCC0F /* ma_leftArrow@2x.png in Resources */ = {isa = PBXBuildFile; fileRef = 64E37CA0191037B4007DCC0F /* ma_leftArrow@2x.png */; };
		64E37CA6191037B4007DCC0F /* ma_rightArrow.png in Resources */ = {isa = PBXBuildFile; fileRef = 64E37CA1191037B4007DCC0F /* ma_rightArrow.png */; };
		64E37CA7191037B4007DCC0F /* ma_rightArrow@2x.png in Resources */ = {isa = PBXBuildFile; fileRef = 64E37CA2191037B4007DCC0F /* ma_rightArrow@2x.png */; };
		64E37CA8191037B4007DCC0F /* ma_topBackground.png in Resources */ = {isa = PBXBuildFile; fileRef = 64E37CA3191037B4007DCC0F /* ma_topBackground.png */; };
		64E37CAA19103852007DCC0F /* EventKit.framework in Frameworks */ = {isa = PBXBuildFile; fileRef = 64E37CA919103852007DCC0F /* EventKit.framework */; };
		64E37CAD19103A01007DCC0F /* MAEventKitDataSource.m in Sources */ = {isa = PBXBuildFile; fileRef = 64E37CAC19103A01007DCC0F /* MAEventKitDataSource.m */; };
		B303C918190D4D3A0033D43A /* PDTSimpleCalendarViewCell.m in Sources */ = {isa = PBXBuildFile; fileRef = B303C911190D4D3A0033D43A /* PDTSimpleCalendarViewCell.m */; };
		B303C919190D4D3A0033D43A /* PDTSimpleCalendarViewController.m in Sources */ = {isa = PBXBuildFile; fileRef = B303C913190D4D3A0033D43A /* PDTSimpleCalendarViewController.m */; };
		B303C91A190D4D3A0033D43A /* PDTSimpleCalendarViewFlowLayout.m in Sources */ = {isa = PBXBuildFile; fileRef = B303C915190D4D3A0033D43A /* PDTSimpleCalendarViewFlowLayout.m */; };
		B303C91B190D4D3A0033D43A /* PDTSimpleCalendarViewHeader.m in Sources */ = {isa = PBXBuildFile; fileRef = B303C917190D4D3A0033D43A /* PDTSimpleCalendarViewHeader.m */; };
		B356F88C190D802200653566 /* CalendarItemAdvanced.m in Sources */ = {isa = PBXBuildFile; fileRef = B356F88B190D802200653566 /* CalendarItemAdvanced.m */; };
		E01B899E190742C900B0B563 /* WeeklyCalendarItem.m in Sources */ = {isa = PBXBuildFile; fileRef = E01B899D190742C900B0B563 /* WeeklyCalendarItem.m */; };
		E02658BE1906DBB4002DEFAE /* QuartzCore.framework in Frameworks */ = {isa = PBXBuildFile; fileRef = E02658BD1906DBB4002DEFAE /* QuartzCore.framework */; };
		E0555A3C18E7783100BA13E5 /* sevendays.gif in Resources */ = {isa = PBXBuildFile; fileRef = E0555A3918E7783100BA13E5 /* sevendays.gif */; };
		E0555A3D18E7783100BA13E5 /* sidepanel.jpg in Resources */ = {isa = PBXBuildFile; fileRef = E0555A3A18E7783100BA13E5 /* sidepanel.jpg */; };
		E0555A3E18E7783100BA13E5 /* tablecell.png in Resources */ = {isa = PBXBuildFile; fileRef = E0555A3B18E7783100BA13E5 /* tablecell.png */; };
		E0555A4118E7784700BA13E5 /* DMCollectionViewCell.m in Sources */ = {isa = PBXBuildFile; fileRef = E0555A4018E7784700BA13E5 /* DMCollectionViewCell.m */; };
		E0555A4418E7785500BA13E5 /* CalendarItem.m in Sources */ = {isa = PBXBuildFile; fileRef = E0555A4318E7785500BA13E5 /* CalendarItem.m */; };
		E0555A4718E7786B00BA13E5 /* ViewController.m in Sources */ = {isa = PBXBuildFile; fileRef = E0555A4618E7786B00BA13E5 /* ViewController.m */; };
		E067BBAA1904A31700198D32 /* background1.png in Resources */ = {isa = PBXBuildFile; fileRef = E067BBA91904A31700198D32 /* background1.png */; };
		E0C01B7F18E6562B0035E193 /* I3DragBetweenHelper.m in Sources */ = {isa = PBXBuildFile; fileRef = E0C01B7E18E6562B0035E193 /* I3DragBetweenHelper.m */; };
		E0C14F4418BEB1970016990C /* Foundation.framework in Frameworks */ = {isa = PBXBuildFile; fileRef = E0C14F4318BEB1970016990C /* Foundation.framework */; };
		E0C14F4618BEB1970016990C /* CoreGraphics.framework in Frameworks */ = {isa = PBXBuildFile; fileRef = E0C14F4518BEB1970016990C /* CoreGraphics.framework */; };
		E0C14F4818BEB1970016990C /* UIKit.framework in Frameworks */ = {isa = PBXBuildFile; fileRef = E0C14F4718BEB1970016990C /* UIKit.framework */; };
		E0C14F4E18BEB1970016990C /* InfoPlist.strings in Resources */ = {isa = PBXBuildFile; fileRef = E0C14F4C18BEB1970016990C /* InfoPlist.strings */; };
		E0C14F5018BEB1970016990C /* main.m in Sources */ = {isa = PBXBuildFile; fileRef = E0C14F4F18BEB1970016990C /* main.m */; };
		E0C14F5418BEB1970016990C /* ECAppDelegate.m in Sources */ = {isa = PBXBuildFile; fileRef = E0C14F5318BEB1970016990C /* ECAppDelegate.m */; };
		E0C14F5718BEB1970016990C /* Main.storyboard in Resources */ = {isa = PBXBuildFile; fileRef = E0C14F5518BEB1970016990C /* Main.storyboard */; };
		E0C14F5A18BEB1970016990C /* ECViewController.m in Sources */ = {isa = PBXBuildFile; fileRef = E0C14F5918BEB1970016990C /* ECViewController.m */; };
		E0C14F5C18BEB1970016990C /* Images.xcassets in Resources */ = {isa = PBXBuildFile; fileRef = E0C14F5B18BEB1970016990C /* Images.xcassets */; };
		E0C14F6318BEB1970016990C /* XCTest.framework in Frameworks */ = {isa = PBXBuildFile; fileRef = E0C14F6218BEB1970016990C /* XCTest.framework */; };
		E0C14F6418BEB1970016990C /* Foundation.framework in Frameworks */ = {isa = PBXBuildFile; fileRef = E0C14F4318BEB1970016990C /* Foundation.framework */; };
		E0C14F6518BEB1970016990C /* UIKit.framework in Frameworks */ = {isa = PBXBuildFile; fileRef = E0C14F4718BEB1970016990C /* UIKit.framework */; };
		E0C14F6D18BEB1970016990C /* InfoPlist.strings in Resources */ = {isa = PBXBuildFile; fileRef = E0C14F6B18BEB1970016990C /* InfoPlist.strings */; };
		E0C14F6F18BEB1970016990C /* encompassTests.m in Sources */ = {isa = PBXBuildFile; fileRef = E0C14F6E18BEB1970016990C /* encompassTests.m */; };
		E0C14F7918BEB1EA0016990C /* Storyboard.storyboard in Resources */ = {isa = PBXBuildFile; fileRef = E0C14F7818BEB1EA0016990C /* Storyboard.storyboard */; };
		E0C14F7C18BEB28B0016990C /* MapKit.framework in Frameworks */ = {isa = PBXBuildFile; fileRef = E0C14F7B18BEB28B0016990C /* MapKit.framework */; };
/* End PBXBuildFile section */

/* Begin PBXContainerItemProxy section */
		E0C14F6618BEB1970016990C /* PBXContainerItemProxy */ = {
			isa = PBXContainerItemProxy;
			containerPortal = E0C14F3818BEB1970016990C /* Project object */;
			proxyType = 1;
			remoteGlobalIDString = E0C14F3F18BEB1970016990C;
			remoteInfo = encompass;
		};
/* End PBXContainerItemProxy section */

/* Begin PBXFileReference section */
		33191ED718CA6F3900AF304A /* background.jpg */ = {isa = PBXFileReference; lastKnownFileType = image.jpeg; name = background.jpg; path = ../background.jpg; sourceTree = "<group>"; };
		33191ED918CD335200AF304A /* Graybtn.png */ = {isa = PBXFileReference; lastKnownFileType = image.png; name = Graybtn.png; path = ../Graybtn.png; sourceTree = "<group>"; };
		33191EDB18CD65A700AF304A /* calender.jpg */ = {isa = PBXFileReference; lastKnownFileType = image.jpeg; name = calender.jpg; path = ../calender.jpg; sourceTree = "<group>"; };
		33191EDD18CD65E400AF304A /* ECcalenderViewController.h */ = {isa = PBXFileReference; fileEncoding = 4; lastKnownFileType = sourcecode.c.h; path = ECcalenderViewController.h; sourceTree = "<group>"; };
		33191EDE18CD65E400AF304A /* ECcalenderViewController.m */ = {isa = PBXFileReference; fileEncoding = 4; lastKnownFileType = sourcecode.c.objc; path = ECcalenderViewController.m; sourceTree = "<group>"; };
		33C6127518D108E60027A4A0 /* backButton.png */ = {isa = PBXFileReference; lastKnownFileType = image.png; name = backButton.png; path = ../backButton.png; sourceTree = "<group>"; };
		33C6127618D108E60027A4A0 /* backButton@2x.png */ = {isa = PBXFileReference; lastKnownFileType = image.png; name = "backButton@2x.png"; path = "../backButton@2x.png"; sourceTree = "<group>"; };
		33C6127718D108E60027A4A0 /* forwardButton.png */ = {isa = PBXFileReference; lastKnownFileType = image.png; name = forwardButton.png; path = ../forwardButton.png; sourceTree = "<group>"; };
		33C6127818D108E60027A4A0 /* forwardButton@2x.png */ = {isa = PBXFileReference; lastKnownFileType = image.png; name = "forwardButton@2x.png"; path = "../forwardButton@2x.png"; sourceTree = "<group>"; };
		64E37C8D1910375E007DCC0F /* MADayView.h */ = {isa = PBXFileReference; fileEncoding = 4; lastKnownFileType = sourcecode.c.h; path = MADayView.h; sourceTree = "<group>"; };
		64E37C8E1910375E007DCC0F /* MADayView.m */ = {isa = PBXFileReference; fileEncoding = 4; lastKnownFileType = sourcecode.c.objc; path = MADayView.m; sourceTree = "<group>"; };
		64E37C8F1910375E007DCC0F /* MAEvent.h */ = {isa = PBXFileReference; fileEncoding = 4; lastKnownFileType = sourcecode.c.h; path = MAEvent.h; sourceTree = "<group>"; };
		64E37C901910375E007DCC0F /* MAEvent.m */ = {isa = PBXFileReference; fileEncoding = 4; lastKnownFileType = sourcecode.c.objc; path = MAEvent.m; sourceTree = "<group>"; };
		64E37C911910375E007DCC0F /* MAGridView.h */ = {isa = PBXFileReference; fileEncoding = 4; lastKnownFileType = sourcecode.c.h; path = MAGridView.h; sourceTree = "<group>"; };
		64E37C921910375E007DCC0F /* MAGridView.m */ = {isa = PBXFileReference; fileEncoding = 4; lastKnownFileType = sourcecode.c.objc; path = MAGridView.m; sourceTree = "<group>"; };
		64E37C931910375E007DCC0F /* MAWeekView.h */ = {isa = PBXFileReference; fileEncoding = 4; lastKnownFileType = sourcecode.c.h; path = MAWeekView.h; sourceTree = "<group>"; };
		64E37C941910375E007DCC0F /* MAWeekView.m */ = {isa = PBXFileReference; fileEncoding = 4; lastKnownFileType = sourcecode.c.objc; path = MAWeekView.m; sourceTree = "<group>"; };
		64E37C951910375E007DCC0F /* TapDetectingView.h */ = {isa = PBXFileReference; fileEncoding = 4; lastKnownFileType = sourcecode.c.h; path = TapDetectingView.h; sourceTree = "<group>"; };
		64E37C961910375E007DCC0F /* TapDetectingView.m */ = {isa = PBXFileReference; fileEncoding = 4; lastKnownFileType = sourcecode.c.objc; path = TapDetectingView.m; sourceTree = "<group>"; };
		64E37C9C1910377E007DCC0F /* MAWeekViewController.h */ = {isa = PBXFileReference; fileEncoding = 4; lastKnownFileType = sourcecode.c.h; path = MAWeekViewController.h; sourceTree = "<group>"; };
		64E37C9D1910377E007DCC0F /* MAWeekViewController.m */ = {isa = PBXFileReference; fileEncoding = 4; lastKnownFileType = sourcecode.c.objc; path = MAWeekViewController.m; sourceTree = "<group>"; };
		64E37C9F191037B4007DCC0F /* ma_leftArrow.png */ = {isa = PBXFileReference; lastKnownFileType = image.png; path = ma_leftArrow.png; sourceTree = "<group>"; };
		64E37CA0191037B4007DCC0F /* ma_leftArrow@2x.png */ = {isa = PBXFileReference; lastKnownFileType = image.png; path = "ma_leftArrow@2x.png"; sourceTree = "<group>"; };
		64E37CA1191037B4007DCC0F /* ma_rightArrow.png */ = {isa = PBXFileReference; lastKnownFileType = image.png; path = ma_rightArrow.png; sourceTree = "<group>"; };
		64E37CA2191037B4007DCC0F /* ma_rightArrow@2x.png */ = {isa = PBXFileReference; lastKnownFileType = image.png; path = "ma_rightArrow@2x.png"; sourceTree = "<group>"; };
		64E37CA3191037B4007DCC0F /* ma_topBackground.png */ = {isa = PBXFileReference; lastKnownFileType = image.png; path = ma_topBackground.png; sourceTree = "<group>"; };
		64E37CA919103852007DCC0F /* EventKit.framework */ = {isa = PBXFileReference; lastKnownFileType = wrapper.framework; name = EventKit.framework; path = System/Library/Frameworks/EventKit.framework; sourceTree = SDKROOT; };
		64E37CAB19103A01007DCC0F /* MAEventKitDataSource.h */ = {isa = PBXFileReference; fileEncoding = 4; lastKnownFileType = sourcecode.c.h; path = MAEventKitDataSource.h; sourceTree = "<group>"; };
		64E37CAC19103A01007DCC0F /* MAEventKitDataSource.m */ = {isa = PBXFileReference; fileEncoding = 4; lastKnownFileType = sourcecode.c.objc; path = MAEventKitDataSource.m; sourceTree = "<group>"; };
		B303C90F190D4D3A0033D43A /* PDTSimpleCalendar.h */ = {isa = PBXFileReference; fileEncoding = 4; lastKnownFileType = sourcecode.c.h; path = PDTSimpleCalendar.h; sourceTree = "<group>"; };
		B303C910190D4D3A0033D43A /* PDTSimpleCalendarViewCell.h */ = {isa = PBXFileReference; fileEncoding = 4; lastKnownFileType = sourcecode.c.h; path = PDTSimpleCalendarViewCell.h; sourceTree = "<group>"; };
		B303C911190D4D3A0033D43A /* PDTSimpleCalendarViewCell.m */ = {isa = PBXFileReference; fileEncoding = 4; lastKnownFileType = sourcecode.c.objc; path = PDTSimpleCalendarViewCell.m; sourceTree = "<group>"; };
		B303C912190D4D3A0033D43A /* PDTSimpleCalendarViewController.h */ = {isa = PBXFileReference; fileEncoding = 4; lastKnownFileType = sourcecode.c.h; path = PDTSimpleCalendarViewController.h; sourceTree = "<group>"; };
		B303C913190D4D3A0033D43A /* PDTSimpleCalendarViewController.m */ = {isa = PBXFileReference; fileEncoding = 4; lastKnownFileType = sourcecode.c.objc; path = PDTSimpleCalendarViewController.m; sourceTree = "<group>"; };
		B303C914190D4D3A0033D43A /* PDTSimpleCalendarViewFlowLayout.h */ = {isa = PBXFileReference; fileEncoding = 4; lastKnownFileType = sourcecode.c.h; path = PDTSimpleCalendarViewFlowLayout.h; sourceTree = "<group>"; };
		B303C915190D4D3A0033D43A /* PDTSimpleCalendarViewFlowLayout.m */ = {isa = PBXFileReference; fileEncoding = 4; lastKnownFileType = sourcecode.c.objc; path = PDTSimpleCalendarViewFlowLayout.m; sourceTree = "<group>"; };
		B303C916190D4D3A0033D43A /* PDTSimpleCalendarViewHeader.h */ = {isa = PBXFileReference; fileEncoding = 4; lastKnownFileType = sourcecode.c.h; path = PDTSimpleCalendarViewHeader.h; sourceTree = "<group>"; };
		B303C917190D4D3A0033D43A /* PDTSimpleCalendarViewHeader.m */ = {isa = PBXFileReference; fileEncoding = 4; lastKnownFileType = sourcecode.c.objc; path = PDTSimpleCalendarViewHeader.m; sourceTree = "<group>"; };
		B356F88A190D802200653566 /* CalendarItemAdvanced.h */ = {isa = PBXFileReference; fileEncoding = 4; lastKnownFileType = sourcecode.c.h; path = CalendarItemAdvanced.h; sourceTree = "<group>"; };
		B356F88B190D802200653566 /* CalendarItemAdvanced.m */ = {isa = PBXFileReference; fileEncoding = 4; lastKnownFileType = sourcecode.c.objc; path = CalendarItemAdvanced.m; sourceTree = "<group>"; };
		E01B899C190742C900B0B563 /* WeeklyCalendarItem.h */ = {isa = PBXFileReference; fileEncoding = 4; lastKnownFileType = sourcecode.c.h; path = WeeklyCalendarItem.h; sourceTree = "<group>"; };
		E01B899D190742C900B0B563 /* WeeklyCalendarItem.m */ = {isa = PBXFileReference; fileEncoding = 4; lastKnownFileType = sourcecode.c.objc; path = WeeklyCalendarItem.m; sourceTree = "<group>"; };
		E02658BD1906DBB4002DEFAE /* QuartzCore.framework */ = {isa = PBXFileReference; lastKnownFileType = wrapper.framework; name = QuartzCore.framework; path = System/Library/Frameworks/QuartzCore.framework; sourceTree = SDKROOT; };
		E0555A3918E7783100BA13E5 /* sevendays.gif */ = {isa = PBXFileReference; lastKnownFileType = image.gif; path = sevendays.gif; sourceTree = "<group>"; };
		E0555A3A18E7783100BA13E5 /* sidepanel.jpg */ = {isa = PBXFileReference; lastKnownFileType = image.jpeg; path = sidepanel.jpg; sourceTree = "<group>"; };
		E0555A3B18E7783100BA13E5 /* tablecell.png */ = {isa = PBXFileReference; lastKnownFileType = image.png; path = tablecell.png; sourceTree = "<group>"; };
		E0555A3F18E7784700BA13E5 /* DMCollectionViewCell.h */ = {isa = PBXFileReference; fileEncoding = 4; lastKnownFileType = sourcecode.c.h; path = DMCollectionViewCell.h; sourceTree = "<group>"; };
		E0555A4018E7784700BA13E5 /* DMCollectionViewCell.m */ = {isa = PBXFileReference; fileEncoding = 4; lastKnownFileType = sourcecode.c.objc; path = DMCollectionViewCell.m; sourceTree = "<group>"; };
		E0555A4218E7785500BA13E5 /* CalendarItem.h */ = {isa = PBXFileReference; fileEncoding = 4; lastKnownFileType = sourcecode.c.h; path = CalendarItem.h; sourceTree = "<group>"; };
		E0555A4318E7785500BA13E5 /* CalendarItem.m */ = {isa = PBXFileReference; fileEncoding = 4; lastKnownFileType = sourcecode.c.objc; path = CalendarItem.m; sourceTree = "<group>"; };
		E0555A4518E7786B00BA13E5 /* ViewController.h */ = {isa = PBXFileReference; fileEncoding = 4; lastKnownFileType = sourcecode.c.h; path = ViewController.h; sourceTree = "<group>"; };
		E0555A4618E7786B00BA13E5 /* ViewController.m */ = {isa = PBXFileReference; fileEncoding = 4; lastKnownFileType = sourcecode.c.objc; path = ViewController.m; sourceTree = "<group>"; };
		E067BBA91904A31700198D32 /* background1.png */ = {isa = PBXFileReference; lastKnownFileType = image.png; path = background1.png; sourceTree = "<group>"; };
		E0C01B7D18E6562B0035E193 /* I3DragBetweenHelper.h */ = {isa = PBXFileReference; fileEncoding = 4; lastKnownFileType = sourcecode.c.h; path = I3DragBetweenHelper.h; sourceTree = "<group>"; };
		E0C01B7E18E6562B0035E193 /* I3DragBetweenHelper.m */ = {isa = PBXFileReference; fileEncoding = 4; lastKnownFileType = sourcecode.c.objc; path = I3DragBetweenHelper.m; sourceTree = "<group>"; };
		E0C14F4018BEB1970016990C /* encompass.app */ = {isa = PBXFileReference; explicitFileType = wrapper.application; includeInIndex = 0; path = encompass.app; sourceTree = BUILT_PRODUCTS_DIR; };
		E0C14F4318BEB1970016990C /* Foundation.framework */ = {isa = PBXFileReference; lastKnownFileType = wrapper.framework; name = Foundation.framework; path = System/Library/Frameworks/Foundation.framework; sourceTree = SDKROOT; };
		E0C14F4518BEB1970016990C /* CoreGraphics.framework */ = {isa = PBXFileReference; lastKnownFileType = wrapper.framework; name = CoreGraphics.framework; path = System/Library/Frameworks/CoreGraphics.framework; sourceTree = SDKROOT; };
		E0C14F4718BEB1970016990C /* UIKit.framework */ = {isa = PBXFileReference; lastKnownFileType = wrapper.framework; name = UIKit.framework; path = System/Library/Frameworks/UIKit.framework; sourceTree = SDKROOT; };
		E0C14F4B18BEB1970016990C /* encompass-Info.plist */ = {isa = PBXFileReference; lastKnownFileType = text.plist.xml; path = "encompass-Info.plist"; sourceTree = "<group>"; };
		E0C14F4D18BEB1970016990C /* en */ = {isa = PBXFileReference; lastKnownFileType = text.plist.strings; name = en; path = en.lproj/InfoPlist.strings; sourceTree = "<group>"; };
		E0C14F4F18BEB1970016990C /* main.m */ = {isa = PBXFileReference; lastKnownFileType = sourcecode.c.objc; path = main.m; sourceTree = "<group>"; };
		E0C14F5118BEB1970016990C /* encompass-Prefix.pch */ = {isa = PBXFileReference; lastKnownFileType = sourcecode.c.h; path = "encompass-Prefix.pch"; sourceTree = "<group>"; };
		E0C14F5218BEB1970016990C /* ECAppDelegate.h */ = {isa = PBXFileReference; lastKnownFileType = sourcecode.c.h; path = ECAppDelegate.h; sourceTree = "<group>"; };
		E0C14F5318BEB1970016990C /* ECAppDelegate.m */ = {isa = PBXFileReference; lastKnownFileType = sourcecode.c.objc; path = ECAppDelegate.m; sourceTree = "<group>"; };
		E0C14F5618BEB1970016990C /* Base */ = {isa = PBXFileReference; lastKnownFileType = file.storyboard; name = Base; path = Base.lproj/Main.storyboard; sourceTree = "<group>"; };
		E0C14F5818BEB1970016990C /* ECViewController.h */ = {isa = PBXFileReference; lastKnownFileType = sourcecode.c.h; path = ECViewController.h; sourceTree = "<group>"; };
		E0C14F5918BEB1970016990C /* ECViewController.m */ = {isa = PBXFileReference; lastKnownFileType = sourcecode.c.objc; path = ECViewController.m; sourceTree = "<group>"; };
		E0C14F5B18BEB1970016990C /* Images.xcassets */ = {isa = PBXFileReference; lastKnownFileType = folder.assetcatalog; path = Images.xcassets; sourceTree = "<group>"; };
		E0C14F6118BEB1970016990C /* encompassTests.xctest */ = {isa = PBXFileReference; explicitFileType = wrapper.cfbundle; includeInIndex = 0; path = encompassTests.xctest; sourceTree = BUILT_PRODUCTS_DIR; };
		E0C14F6218BEB1970016990C /* XCTest.framework */ = {isa = PBXFileReference; lastKnownFileType = wrapper.framework; name = XCTest.framework; path = Library/Frameworks/XCTest.framework; sourceTree = DEVELOPER_DIR; };
		E0C14F6A18BEB1970016990C /* encompassTests-Info.plist */ = {isa = PBXFileReference; lastKnownFileType = text.plist.xml; path = "encompassTests-Info.plist"; sourceTree = "<group>"; };
		E0C14F6C18BEB1970016990C /* en */ = {isa = PBXFileReference; lastKnownFileType = text.plist.strings; name = en; path = en.lproj/InfoPlist.strings; sourceTree = "<group>"; };
		E0C14F6E18BEB1970016990C /* encompassTests.m */ = {isa = PBXFileReference; lastKnownFileType = sourcecode.c.objc; path = encompassTests.m; sourceTree = "<group>"; };
		E0C14F7818BEB1EA0016990C /* Storyboard.storyboard */ = {isa = PBXFileReference; fileEncoding = 4; lastKnownFileType = file.storyboard; path = Storyboard.storyboard; sourceTree = "<group>"; };
		E0C14F7A18BEB2830016990C /* encompass.entitlements */ = {isa = PBXFileReference; lastKnownFileType = text.xml; path = encompass.entitlements; sourceTree = "<group>"; };
		E0C14F7B18BEB28B0016990C /* MapKit.framework */ = {isa = PBXFileReference; lastKnownFileType = wrapper.framework; name = MapKit.framework; path = System/Library/Frameworks/MapKit.framework; sourceTree = SDKROOT; };
/* End PBXFileReference section */

/* Begin PBXFrameworksBuildPhase section */
		E0C14F3D18BEB1970016990C /* Frameworks */ = {
			isa = PBXFrameworksBuildPhase;
			buildActionMask = 2147483647;
			files = (
				64E37CAA19103852007DCC0F /* EventKit.framework in Frameworks */,
				E02658BE1906DBB4002DEFAE /* QuartzCore.framework in Frameworks */,
				E0C14F4618BEB1970016990C /* CoreGraphics.framework in Frameworks */,
				E0C14F4818BEB1970016990C /* UIKit.framework in Frameworks */,
				E0C14F7C18BEB28B0016990C /* MapKit.framework in Frameworks */,
				E0C14F4418BEB1970016990C /* Foundation.framework in Frameworks */,
			);
			runOnlyForDeploymentPostprocessing = 0;
		};
		E0C14F5E18BEB1970016990C /* Frameworks */ = {
			isa = PBXFrameworksBuildPhase;
			buildActionMask = 2147483647;
			files = (
				E0C14F6318BEB1970016990C /* XCTest.framework in Frameworks */,
				E0C14F6518BEB1970016990C /* UIKit.framework in Frameworks */,
				E0C14F6418BEB1970016990C /* Foundation.framework in Frameworks */,
			);
			runOnlyForDeploymentPostprocessing = 0;
		};
/* End PBXFrameworksBuildPhase section */

/* Begin PBXGroup section */
		64E37C8B191036F6007DCC0F /* MACalendar */ = {
			isa = PBXGroup;
			children = (
				64E37CAB19103A01007DCC0F /* MAEventKitDataSource.h */,
				64E37CAC19103A01007DCC0F /* MAEventKitDataSource.m */,
				64E37C9C1910377E007DCC0F /* MAWeekViewController.h */,
				64E37C9D1910377E007DCC0F /* MAWeekViewController.m */,
				64E37C8C1910375E007DCC0F /* Views */,
			);
			name = MACalendar;
			sourceTree = "<group>";
		};
		64E37C8C1910375E007DCC0F /* Views */ = {
			isa = PBXGroup;
			children = (
				64E37C8D1910375E007DCC0F /* MADayView.h */,
				64E37C8E1910375E007DCC0F /* MADayView.m */,
				64E37C8F1910375E007DCC0F /* MAEvent.h */,
				64E37C901910375E007DCC0F /* MAEvent.m */,
				64E37C911910375E007DCC0F /* MAGridView.h */,
				64E37C921910375E007DCC0F /* MAGridView.m */,
				64E37C931910375E007DCC0F /* MAWeekView.h */,
				64E37C941910375E007DCC0F /* MAWeekView.m */,
				64E37C951910375E007DCC0F /* TapDetectingView.h */,
				64E37C961910375E007DCC0F /* TapDetectingView.m */,
			);
			path = Views;
			sourceTree = "<group>";
		};
		B303C90C190D4C560033D43A /* Weekly Calendar */ = {
			isa = PBXGroup;
			children = (
				33191EDD18CD65E400AF304A /* ECcalenderViewController.h */,
				33191EDE18CD65E400AF304A /* ECcalenderViewController.m */,
				E01B899C190742C900B0B563 /* WeeklyCalendarItem.h */,
				E01B899D190742C900B0B563 /* WeeklyCalendarItem.m */,
			);
			name = "Weekly Calendar";
			sourceTree = "<group>";
		};
		B303C90D190D4C770033D43A /* Helpers */ = {
			isa = PBXGroup;
			children = (
				E0C01B7D18E6562B0035E193 /* I3DragBetweenHelper.h */,
				E0C01B7E18E6562B0035E193 /* I3DragBetweenHelper.m */,
			);
			name = Helpers;
			sourceTree = "<group>";
		};
		B303C90E190D4D270033D43A /* PDTSimpleCalendar */ = {
			isa = PBXGroup;
			children = (
				B303C90F190D4D3A0033D43A /* PDTSimpleCalendar.h */,
				B303C910190D4D3A0033D43A /* PDTSimpleCalendarViewCell.h */,
				B303C911190D4D3A0033D43A /* PDTSimpleCalendarViewCell.m */,
				B303C912190D4D3A0033D43A /* PDTSimpleCalendarViewController.h */,
				B303C913190D4D3A0033D43A /* PDTSimpleCalendarViewController.m */,
				B303C914190D4D3A0033D43A /* PDTSimpleCalendarViewFlowLayout.h */,
				B303C915190D4D3A0033D43A /* PDTSimpleCalendarViewFlowLayout.m */,
				B303C916190D4D3A0033D43A /* PDTSimpleCalendarViewHeader.h */,
				B303C917190D4D3A0033D43A /* PDTSimpleCalendarViewHeader.m */,
			);
			name = PDTSimpleCalendar;
			sourceTree = "<group>";
		};
		B303C91C190D4D750033D43A /* New Monthly Calendar */ = {
			isa = PBXGroup;
			children = (
				B356F88A190D802200653566 /* CalendarItemAdvanced.h */,
				B356F88B190D802200653566 /* CalendarItemAdvanced.m */,
				B303C90E190D4D270033D43A /* PDTSimpleCalendar */,
			);
			name = "New Monthly Calendar";
			sourceTree = "<group>";
		};
		E0C01B8718E656610035E193 /* Monthly Calendar */ = {
			isa = PBXGroup;
			children = (
				E0555A3F18E7784700BA13E5 /* DMCollectionViewCell.h */,
				E0555A4018E7784700BA13E5 /* DMCollectionViewCell.m */,
				E0555A4518E7786B00BA13E5 /* ViewController.h */,
				E0555A4618E7786B00BA13E5 /* ViewController.m */,
				E0555A4218E7785500BA13E5 /* CalendarItem.h */,
				E0555A4318E7785500BA13E5 /* CalendarItem.m */,
			);
			name = "Monthly Calendar";
			sourceTree = "<group>";
		};
		E0C01B8818E656680035E193 /* Map */ = {
			isa = PBXGroup;
			children = (
				E0C14F5818BEB1970016990C /* ECViewController.h */,
				E0C14F5918BEB1970016990C /* ECViewController.m */,
			);
			name = Map;
			sourceTree = "<group>";
		};
		E0C01B8918E6568A0035E193 /* Images */ = {
			isa = PBXGroup;
			children = (
				64E37C9F191037B4007DCC0F /* ma_leftArrow.png */,
				64E37CA0191037B4007DCC0F /* ma_leftArrow@2x.png */,
				64E37CA1191037B4007DCC0F /* ma_rightArrow.png */,
				64E37CA2191037B4007DCC0F /* ma_rightArrow@2x.png */,
				64E37CA3191037B4007DCC0F /* ma_topBackground.png */,
				E067BBA91904A31700198D32 /* background1.png */,
				E0555A3918E7783100BA13E5 /* sevendays.gif */,
				E0555A3A18E7783100BA13E5 /* sidepanel.jpg */,
				E0555A3B18E7783100BA13E5 /* tablecell.png */,
			);
			name = Images;
			sourceTree = "<group>";
		};
		E0C14F3718BEB1970016990C = {
			isa = PBXGroup;
			children = (
				E0C14F4918BEB1970016990C /* encompass */,
				E0C14F6818BEB1970016990C /* encompassTests */,
				E0C14F4218BEB1970016990C /* Frameworks */,
				E0C14F4118BEB1970016990C /* Products */,
			);
			sourceTree = "<group>";
		};
		E0C14F4118BEB1970016990C /* Products */ = {
			isa = PBXGroup;
			children = (
				E0C14F4018BEB1970016990C /* encompass.app */,
				E0C14F6118BEB1970016990C /* encompassTests.xctest */,
			);
			name = Products;
			sourceTree = "<group>";
		};
		E0C14F4218BEB1970016990C /* Frameworks */ = {
			isa = PBXGroup;
			children = (
				64E37CA919103852007DCC0F /* EventKit.framework */,
				E02658BD1906DBB4002DEFAE /* QuartzCore.framework */,
				E0C14F7B18BEB28B0016990C /* MapKit.framework */,
				E0C14F4318BEB1970016990C /* Foundation.framework */,
				E0C14F4518BEB1970016990C /* CoreGraphics.framework */,
				E0C14F4718BEB1970016990C /* UIKit.framework */,
				E0C14F6218BEB1970016990C /* XCTest.framework */,
			);
			name = Frameworks;
			sourceTree = "<group>";
		};
		E0C14F4918BEB1970016990C /* encompass */ = {
			isa = PBXGroup;
			children = (
				64E37C8B191036F6007DCC0F /* MACalendar */,
				B303C91C190D4D750033D43A /* New Monthly Calendar */,
				E0C01B8918E6568A0035E193 /* Images */,
				B303C90C190D4C560033D43A /* Weekly Calendar */,
				E0C01B8818E656680035E193 /* Map */,
				E0C01B8718E656610035E193 /* Monthly Calendar */,
				B303C90D190D4C770033D43A /* Helpers */,
				E0C14F7A18BEB2830016990C /* encompass.entitlements */,
				E0C14F5218BEB1970016990C /* ECAppDelegate.h */,
				E0C14F5318BEB1970016990C /* ECAppDelegate.m */,
				E0C14F5518BEB1970016990C /* Main.storyboard */,
				E0C14F5B18BEB1970016990C /* Images.xcassets */,
				E0C14F7818BEB1EA0016990C /* Storyboard.storyboard */,
				E0C14F4A18BEB1970016990C /* Supporting Files */,
			);
			path = encompass;
			sourceTree = "<group>";
		};
		E0C14F4A18BEB1970016990C /* Supporting Files */ = {
			isa = PBXGroup;
			children = (
				E0C14F4B18BEB1970016990C /* encompass-Info.plist */,
				E0C14F4C18BEB1970016990C /* InfoPlist.strings */,
				E0C14F4F18BEB1970016990C /* main.m */,
				E0C14F5118BEB1970016990C /* encompass-Prefix.pch */,
			);
			name = "Supporting Files";
			sourceTree = "<group>";
		};
		E0C14F6818BEB1970016990C /* encompassTests */ = {
			isa = PBXGroup;
			children = (
				E0C14F6E18BEB1970016990C /* encompassTests.m */,
				E0C14F6918BEB1970016990C /* Supporting Files */,
			);
			path = encompassTests;
			sourceTree = "<group>";
		};
		E0C14F6918BEB1970016990C /* Supporting Files */ = {
			isa = PBXGroup;
			children = (
				33C6127518D108E60027A4A0 /* backButton.png */,
				33C6127618D108E60027A4A0 /* backButton@2x.png */,
				33C6127718D108E60027A4A0 /* forwardButton.png */,
				33C6127818D108E60027A4A0 /* forwardButton@2x.png */,
				33191EDB18CD65A700AF304A /* calender.jpg */,
				33191ED918CD335200AF304A /* Graybtn.png */,
				33191ED718CA6F3900AF304A /* background.jpg */,
				E0C14F6A18BEB1970016990C /* encompassTests-Info.plist */,
				E0C14F6B18BEB1970016990C /* InfoPlist.strings */,
			);
			name = "Supporting Files";
			sourceTree = "<group>";
		};
/* End PBXGroup section */

/* Begin PBXNativeTarget section */
		E0C14F3F18BEB1970016990C /* encompass */ = {
			isa = PBXNativeTarget;
			buildConfigurationList = E0C14F7218BEB1970016990C /* Build configuration list for PBXNativeTarget "encompass" */;
			buildPhases = (
				E0C14F3C18BEB1970016990C /* Sources */,
				E0C14F3D18BEB1970016990C /* Frameworks */,
				E0C14F3E18BEB1970016990C /* Resources */,
			);
			buildRules = (
			);
			dependencies = (
			);
			name = encompass;
			productName = encompass;
			productReference = E0C14F4018BEB1970016990C /* encompass.app */;
			productType = "com.apple.product-type.application";
		};
		E0C14F6018BEB1970016990C /* encompassTests */ = {
			isa = PBXNativeTarget;
			buildConfigurationList = E0C14F7518BEB1970016990C /* Build configuration list for PBXNativeTarget "encompassTests" */;
			buildPhases = (
				E0C14F5D18BEB1970016990C /* Sources */,
				E0C14F5E18BEB1970016990C /* Frameworks */,
				E0C14F5F18BEB1970016990C /* Resources */,
			);
			buildRules = (
			);
			dependencies = (
				E0C14F6718BEB1970016990C /* PBXTargetDependency */,
			);
			name = encompassTests;
			productName = encompassTests;
			productReference = E0C14F6118BEB1970016990C /* encompassTests.xctest */;
			productType = "com.apple.product-type.bundle.unit-test";
		};
/* End PBXNativeTarget section */

/* Begin PBXProject section */
		E0C14F3818BEB1970016990C /* Project object */ = {
			isa = PBXProject;
			attributes = {
				CLASSPREFIX = EC;
				LastUpgradeCheck = 0500;
				ORGANIZATIONNAME = encompass;
				TargetAttributes = {
					E0C14F3F18BEB1970016990C = {
						DevelopmentTeam = RMHN57NYZQ;
						SystemCapabilities = {
							com.apple.iCloud = {
								enabled = 0;
							};
							com.apple.iOS = {
								enabled = 1;
							};
						};
					};
					E0C14F6018BEB1970016990C = {
						TestTargetID = E0C14F3F18BEB1970016990C;
					};
				};
			};
			buildConfigurationList = E0C14F3B18BEB1970016990C /* Build configuration list for PBXProject "encompass" */;
			compatibilityVersion = "Xcode 3.2";
			developmentRegion = English;
			hasScannedForEncodings = 0;
			knownRegions = (
				en,
				Base,
			);
			mainGroup = E0C14F3718BEB1970016990C;
			productRefGroup = E0C14F4118BEB1970016990C /* Products */;
			projectDirPath = "";
			projectRoot = "";
			targets = (
				E0C14F3F18BEB1970016990C /* encompass */,
				E0C14F6018BEB1970016990C /* encompassTests */,
			);
		};
/* End PBXProject section */

/* Begin PBXResourcesBuildPhase section */
		E0C14F3E18BEB1970016990C /* Resources */ = {
			isa = PBXResourcesBuildPhase;
			buildActionMask = 2147483647;
			files = (
				E0C14F5C18BEB1970016990C /* Images.xcassets in Resources */,
				33C6127A18D108E60027A4A0 /* backButton@2x.png in Resources */,
				64E37CA5191037B4007DCC0F /* ma_leftArrow@2x.png in Resources */,
				64E37CA8191037B4007DCC0F /* ma_topBackground.png in Resources */,
				33191ED818CA6F3900AF304A /* background.jpg in Resources */,
				33C6127B18D108E60027A4A0 /* forwardButton.png in Resources */,
				64E37CA7191037B4007DCC0F /* ma_rightArrow@2x.png in Resources */,
				E0555A3E18E7783100BA13E5 /* tablecell.png in Resources */,
				E0C14F7918BEB1EA0016990C /* Storyboard.storyboard in Resources */,
				64E37CA4191037B4007DCC0F /* ma_leftArrow.png in Resources */,
				E0C14F4E18BEB1970016990C /* InfoPlist.strings in Resources */,
				33191EDC18CD65A700AF304A /* calender.jpg in Resources */,
				E0555A3C18E7783100BA13E5 /* sevendays.gif in Resources */,
				33C6127C18D108E60027A4A0 /* forwardButton@2x.png in Resources */,
				64E37CA6191037B4007DCC0F /* ma_rightArrow.png in Resources */,
				E0C14F5718BEB1970016990C /* Main.storyboard in Resources */,
				33C6127918D108E60027A4A0 /* backButton.png in Resources */,
				E0555A3D18E7783100BA13E5 /* sidepanel.jpg in Resources */,
				E067BBAA1904A31700198D32 /* background1.png in Resources */,
				33191EDA18CD335200AF304A /* Graybtn.png in Resources */,
			);
			runOnlyForDeploymentPostprocessing = 0;
		};
		E0C14F5F18BEB1970016990C /* Resources */ = {
			isa = PBXResourcesBuildPhase;
			buildActionMask = 2147483647;
			files = (
				E0C14F6D18BEB1970016990C /* InfoPlist.strings in Resources */,
			);
			runOnlyForDeploymentPostprocessing = 0;
		};
/* End PBXResourcesBuildPhase section */

/* Begin PBXSourcesBuildPhase section */
		E0C14F3C18BEB1970016990C /* Sources */ = {
			isa = PBXSourcesBuildPhase;
			buildActionMask = 2147483647;
			files = (
				64E37C991910375E007DCC0F /* MAGridView.m in Sources */,
				E0C14F5A18BEB1970016990C /* ECViewController.m in Sources */,
				64E37C9B1910375E007DCC0F /* TapDetectingView.m in Sources */,
				E0555A4118E7784700BA13E5 /* DMCollectionViewCell.m in Sources */,
				E0C14F5418BEB1970016990C /* ECAppDelegate.m in Sources */,
				64E37C9A1910375E007DCC0F /* MAWeekView.m in Sources */,
				E0555A4718E7786B00BA13E5 /* ViewController.m in Sources */,
				64E37C981910375E007DCC0F /* MAEvent.m in Sources */,
				E01B899E190742C900B0B563 /* WeeklyCalendarItem.m in Sources */,
				B303C918190D4D3A0033D43A /* PDTSimpleCalendarViewCell.m in Sources */,
				E0555A4418E7785500BA13E5 /* CalendarItem.m in Sources */,
				B303C91A190D4D3A0033D43A /* PDTSimpleCalendarViewFlowLayout.m in Sources */,
				64E37C971910375E007DCC0F /* MADayView.m in Sources */,
				64E37C9E1910377E007DCC0F /* MAWeekViewController.m in Sources */,
				33191EDF18CD65E400AF304A /* ECcalenderViewController.m in Sources */,
				B303C91B190D4D3A0033D43A /* PDTSimpleCalendarViewHeader.m in Sources */,
				B356F88C190D802200653566 /* CalendarItemAdvanced.m in Sources */,
				E0C01B7F18E6562B0035E193 /* I3DragBetweenHelper.m in Sources */,
				B303C919190D4D3A0033D43A /* PDTSimpleCalendarViewController.m in Sources */,
				64E37CAD19103A01007DCC0F /* MAEventKitDataSource.m in Sources */,
				E0C14F5018BEB1970016990C /* main.m in Sources */,
			);
			runOnlyForDeploymentPostprocessing = 0;
		};
		E0C14F5D18BEB1970016990C /* Sources */ = {
			isa = PBXSourcesBuildPhase;
			buildActionMask = 2147483647;
			files = (
				E0C14F6F18BEB1970016990C /* encompassTests.m in Sources */,
			);
			runOnlyForDeploymentPostprocessing = 0;
		};
/* End PBXSourcesBuildPhase section */

/* Begin PBXTargetDependency section */
		E0C14F6718BEB1970016990C /* PBXTargetDependency */ = {
			isa = PBXTargetDependency;
			target = E0C14F3F18BEB1970016990C /* encompass */;
			targetProxy = E0C14F6618BEB1970016990C /* PBXContainerItemProxy */;
		};
/* End PBXTargetDependency section */

/* Begin PBXVariantGroup section */
		E0C14F4C18BEB1970016990C /* InfoPlist.strings */ = {
			isa = PBXVariantGroup;
			children = (
				E0C14F4D18BEB1970016990C /* en */,
			);
			name = InfoPlist.strings;
			sourceTree = "<group>";
		};
		E0C14F5518BEB1970016990C /* Main.storyboard */ = {
			isa = PBXVariantGroup;
			children = (
				E0C14F5618BEB1970016990C /* Base */,
			);
			name = Main.storyboard;
			sourceTree = "<group>";
		};
		E0C14F6B18BEB1970016990C /* InfoPlist.strings */ = {
			isa = PBXVariantGroup;
			children = (
				E0C14F6C18BEB1970016990C /* en */,
			);
			name = InfoPlist.strings;
			sourceTree = "<group>";
		};
/* End PBXVariantGroup section */

/* Begin XCBuildConfiguration section */
		E0C14F7018BEB1970016990C /* Debug */ = {
			isa = XCBuildConfiguration;
			buildSettings = {
				ALWAYS_SEARCH_USER_PATHS = NO;
				ARCHS = "$(ARCHS_STANDARD_INCLUDING_64_BIT)";
				CLANG_CXX_LANGUAGE_STANDARD = "gnu++0x";
				CLANG_CXX_LIBRARY = "libc++";
				CLANG_ENABLE_MODULES = YES;
				CLANG_ENABLE_OBJC_ARC = YES;
				CLANG_WARN_BOOL_CONVERSION = YES;
				CLANG_WARN_CONSTANT_CONVERSION = YES;
				CLANG_WARN_DIRECT_OBJC_ISA_USAGE = YES_ERROR;
				CLANG_WARN_EMPTY_BODY = YES;
				CLANG_WARN_ENUM_CONVERSION = YES;
				CLANG_WARN_INT_CONVERSION = YES;
				CLANG_WARN_OBJC_ROOT_CLASS = YES_ERROR;
				CLANG_WARN__DUPLICATE_METHOD_MATCH = YES;
				"CODE_SIGN_IDENTITY[sdk=iphoneos*]" = "iPhone Developer";
				COPY_PHASE_STRIP = NO;
				GCC_C_LANGUAGE_STANDARD = gnu99;
				GCC_DYNAMIC_NO_PIC = NO;
				GCC_OPTIMIZATION_LEVEL = 0;
				GCC_PREPROCESSOR_DEFINITIONS = (
					"DEBUG=1",
					"$(inherited)",
				);
				GCC_SYMBOLS_PRIVATE_EXTERN = NO;
				GCC_WARN_64_TO_32_BIT_CONVERSION = YES;
				GCC_WARN_ABOUT_RETURN_TYPE = YES_ERROR;
				GCC_WARN_UNDECLARED_SELECTOR = YES;
				GCC_WARN_UNINITIALIZED_AUTOS = YES;
				GCC_WARN_UNUSED_FUNCTION = YES;
				GCC_WARN_UNUSED_VARIABLE = YES;
				IPHONEOS_DEPLOYMENT_TARGET = 7.0;
				ONLY_ACTIVE_ARCH = YES;
				SDKROOT = iphoneos;
				TARGETED_DEVICE_FAMILY = 2;
			};
			name = Debug;
		};
		E0C14F7118BEB1970016990C /* Release */ = {
			isa = XCBuildConfiguration;
			buildSettings = {
				ALWAYS_SEARCH_USER_PATHS = NO;
				ARCHS = "$(ARCHS_STANDARD_INCLUDING_64_BIT)";
				CLANG_CXX_LANGUAGE_STANDARD = "gnu++0x";
				CLANG_CXX_LIBRARY = "libc++";
				CLANG_ENABLE_MODULES = YES;
				CLANG_ENABLE_OBJC_ARC = YES;
				CLANG_WARN_BOOL_CONVERSION = YES;
				CLANG_WARN_CONSTANT_CONVERSION = YES;
				CLANG_WARN_DIRECT_OBJC_ISA_USAGE = YES_ERROR;
				CLANG_WARN_EMPTY_BODY = YES;
				CLANG_WARN_ENUM_CONVERSION = YES;
				CLANG_WARN_INT_CONVERSION = YES;
				CLANG_WARN_OBJC_ROOT_CLASS = YES_ERROR;
				CLANG_WARN__DUPLICATE_METHOD_MATCH = YES;
				"CODE_SIGN_IDENTITY[sdk=iphoneos*]" = "iPhone Developer";
				COPY_PHASE_STRIP = YES;
				ENABLE_NS_ASSERTIONS = NO;
				GCC_C_LANGUAGE_STANDARD = gnu99;
				GCC_WARN_64_TO_32_BIT_CONVERSION = YES;
				GCC_WARN_ABOUT_RETURN_TYPE = YES_ERROR;
				GCC_WARN_UNDECLARED_SELECTOR = YES;
				GCC_WARN_UNINITIALIZED_AUTOS = YES;
				GCC_WARN_UNUSED_FUNCTION = YES;
				GCC_WARN_UNUSED_VARIABLE = YES;
				IPHONEOS_DEPLOYMENT_TARGET = 7.0;
				SDKROOT = iphoneos;
				TARGETED_DEVICE_FAMILY = 2;
				VALIDATE_PRODUCT = YES;
			};
			name = Release;
		};
		E0C14F7318BEB1970016990C /* Debug */ = {
			isa = XCBuildConfiguration;
			buildSettings = {
				ASSETCATALOG_COMPILER_APPICON_NAME = AppIcon;
				ASSETCATALOG_COMPILER_LAUNCHIMAGE_NAME = LaunchImage;
				CODE_SIGN_IDENTITY = "iPhone Developer: kshitij bhatt (9UL2Y53P73)";
				"CODE_SIGN_IDENTITY[sdk=iphoneos*]" = "iPhone Developer";
				GCC_PRECOMPILE_PREFIX_HEADER = YES;
				GCC_PREFIX_HEADER = "encompass/encompass-Prefix.pch";
				INFOPLIST_FILE = "encompass/encompass-Info.plist";
				PRODUCT_NAME = "$(TARGET_NAME)";
				PROVISIONING_PROFILE = "";
				TARGETED_DEVICE_FAMILY = 2;
				WRAPPER_EXTENSION = app;
			};
			name = Debug;
		};
		E0C14F7418BEB1970016990C /* Release */ = {
			isa = XCBuildConfiguration;
			buildSettings = {
				ASSETCATALOG_COMPILER_APPICON_NAME = AppIcon;
				ASSETCATALOG_COMPILER_LAUNCHIMAGE_NAME = LaunchImage;
				CODE_SIGN_IDENTITY = "iPhone Developer: kshitij bhatt (9UL2Y53P73)";
				"CODE_SIGN_IDENTITY[sdk=iphoneos*]" = "iPhone Developer";
				GCC_PRECOMPILE_PREFIX_HEADER = YES;
				GCC_PREFIX_HEADER = "encompass/encompass-Prefix.pch";
				INFOPLIST_FILE = "encompass/encompass-Info.plist";
				PRODUCT_NAME = "$(TARGET_NAME)";
				PROVISIONING_PROFILE = "";
				TARGETED_DEVICE_FAMILY = 2;
				WRAPPER_EXTENSION = app;
			};
			name = Release;
		};
		E0C14F7618BEB1970016990C /* Debug */ = {
			isa = XCBuildConfiguration;
			buildSettings = {
				ARCHS = "$(ARCHS_STANDARD_INCLUDING_64_BIT)";
				BUNDLE_LOADER = "$(BUILT_PRODUCTS_DIR)/encompass.app/encompass";
				FRAMEWORK_SEARCH_PATHS = (
					"$(SDKROOT)/Developer/Library/Frameworks",
					"$(inherited)",
					"$(DEVELOPER_FRAMEWORKS_DIR)",
				);
				GCC_PRECOMPILE_PREFIX_HEADER = YES;
				GCC_PREFIX_HEADER = "encompass/encompass-Prefix.pch";
				GCC_PREPROCESSOR_DEFINITIONS = (
					"DEBUG=1",
					"$(inherited)",
				);
				INFOPLIST_FILE = "encompassTests/encompassTests-Info.plist";
				PRODUCT_NAME = "$(TARGET_NAME)";
				TEST_HOST = "$(BUNDLE_LOADER)";
				WRAPPER_EXTENSION = xctest;
			};
			name = Debug;
		};
		E0C14F7718BEB1970016990C /* Release */ = {
			isa = XCBuildConfiguration;
			buildSettings = {
				ARCHS = "$(ARCHS_STANDARD_INCLUDING_64_BIT)";
				BUNDLE_LOADER = "$(BUILT_PRODUCTS_DIR)/encompass.app/encompass";
				FRAMEWORK_SEARCH_PATHS = (
					"$(SDKROOT)/Developer/Library/Frameworks",
					"$(inherited)",
					"$(DEVELOPER_FRAMEWORKS_DIR)",
				);
				GCC_PRECOMPILE_PREFIX_HEADER = YES;
				GCC_PREFIX_HEADER = "encompass/encompass-Prefix.pch";
				INFOPLIST_FILE = "encompassTests/encompassTests-Info.plist";
				PRODUCT_NAME = "$(TARGET_NAME)";
				TEST_HOST = "$(BUNDLE_LOADER)";
				WRAPPER_EXTENSION = xctest;
			};
			name = Release;
		};
/* End XCBuildConfiguration section */

/* Begin XCConfigurationList section */
		E0C14F3B18BEB1970016990C /* Build configuration list for PBXProject "encompass" */ = {
			isa = XCConfigurationList;
			buildConfigurations = (
				E0C14F7018BEB1970016990C /* Debug */,
				E0C14F7118BEB1970016990C /* Release */,
			);
			defaultConfigurationIsVisible = 0;
			defaultConfigurationName = Release;
		};
		E0C14F7218BEB1970016990C /* Build configuration list for PBXNativeTarget "encompass" */ = {
			isa = XCConfigurationList;
			buildConfigurations = (
				E0C14F7318BEB1970016990C /* Debug */,
				E0C14F7418BEB1970016990C /* Release */,
			);
			defaultConfigurationIsVisible = 0;
			defaultConfigurationName = Release;
		};
		E0C14F7518BEB1970016990C /* Build configuration list for PBXNativeTarget "encompassTests" */ = {
			isa = XCConfigurationList;
			buildConfigurations = (
				E0C14F7618BEB1970016990C /* Debug */,
				E0C14F7718BEB1970016990C /* Release */,
			);
			defaultConfigurationIsVisible = 0;
			defaultConfigurationName = Release;
		};
/* End XCConfigurationList section */
	};
	rootObject = E0C14F3818BEB1970016990C /* Project object */;
}
